
Microsoft Visual Studio Solution File, Format Version 12.00
# Visual Studio Version 16
VisualStudioVersion = 25.0.1704.0
MinimumVisualStudioVersion = 10.0.40219.1
Project("{FAE04EC0-301F-11D3-BF4B-00C04F79EFBC}") = "acme", "acme.csproj", "{112D9EB8-9CDF-4A1E-A2A3-5F672804CB22}"
EndProject
Global
	GlobalSection(SolutionConfigurationPlatforms) = preSolution
		Debug|Any CPU = Debug|Any CPU
		Release|Any CPU = Release|Any CPU
	EndGlobalSection
	GlobalSection(ProjectConfigurationPlatforms) = postSolution
		{112D9EB8-9CDF-4A1E-A2A3-5F672804CB22}.Debug|Any CPU.ActiveCfg = Debug|Any CPU
		{112D9EB8-9CDF-4A1E-A2A3-5F672804CB22}.Debug|Any CPU.Build.0 = Debug|Any CPU
		{112D9EB8-9CDF-4A1E-A2A3-5F672804CB22}.Release|Any CPU.ActiveCfg = Release|Any CPU
		{112D9EB8-9CDF-4A1E-A2A3-5F672804CB22}.Release|Any CPU.Build.0 = Release|Any CPU
	EndGlobalSection
	GlobalSection(SolutionProperties) = preSolution
		HideSolutionNode = FALSE
	EndGlobalSection
	GlobalSection(ExtensibilityGlobals) = postSolution
		SolutionGuid = {3D79FFAA-B661-4392-9505-B4702E16B54B}
	EndGlobalSection
EndGlobal
